// !$*UTF8*$!
{
	archiveVersion = 1;
	classes = {
	};
	objectVersion = 55;
	objects = {

/* Begin PBXBuildFile section */
		4C5F5B142C2B349D00E5DDA7 /* NewFieldView.swift in Sources */ = {isa = PBXBuildFile; fileRef = 4C5F5B132C2B349D00E5DDA7 /* NewFieldView.swift */; };
		4C5F5B172C2B352D00E5DDA7 /* NewFieldViewModel.swift in Sources */ = {isa = PBXBuildFile; fileRef = 4C5F5B162C2B352D00E5DDA7 /* NewFieldViewModel.swift */; };
		4C5F5B1F2C2B53A600E5DDA7 /* NoteListItemView.swift in Sources */ = {isa = PBXBuildFile; fileRef = 4C5F5B1E2C2B53A600E5DDA7 /* NoteListItemView.swift */; };
		4C5F5B212C2B53CF00E5DDA7 /* NotesViewModel.swift in Sources */ = {isa = PBXBuildFile; fileRef = 4C5F5B202C2B53CF00E5DDA7 /* NotesViewModel.swift */; };
		4C5F5B232C2B547F00E5DDA7 /* NotesView.swift in Sources */ = {isa = PBXBuildFile; fileRef = 4C5F5B222C2B547F00E5DDA7 /* NotesView.swift */; };
		4C5F5B252C2B5C6F00E5DDA7 /* NotesSevice.swift in Sources */ = {isa = PBXBuildFile; fileRef = 4C5F5B242C2B5C6F00E5DDA7 /* NotesSevice.swift */; };
		4C5F5B282C2B712500E5DDA7 /* NewNoteView.swift in Sources */ = {isa = PBXBuildFile; fileRef = 4C5F5B272C2B712500E5DDA7 /* NewNoteView.swift */; };
		4C5F5B2A2C2B713500E5DDA7 /* NewNoteViewModel.swift in Sources */ = {isa = PBXBuildFile; fileRef = 4C5F5B292C2B713500E5DDA7 /* NewNoteViewModel.swift */; };
		4C7E3A932BB72F9F00BEFD1B /* LutokMobileApp.swift in Sources */ = {isa = PBXBuildFile; fileRef = 4C7E3A922BB72F9F00BEFD1B /* LutokMobileApp.swift */; };
		4C7E3A952BB72F9F00BEFD1B /* ContentView.swift in Sources */ = {isa = PBXBuildFile; fileRef = 4C7E3A942BB72F9F00BEFD1B /* ContentView.swift */; };
		4C7E3A972BB72FA400BEFD1B /* Assets.xcassets in Resources */ = {isa = PBXBuildFile; fileRef = 4C7E3A962BB72FA400BEFD1B /* Assets.xcassets */; };
		4C7E3A9A2BB72FA400BEFD1B /* Preview Assets.xcassets in Resources */ = {isa = PBXBuildFile; fileRef = 4C7E3A992BB72FA400BEFD1B /* Preview Assets.xcassets */; };
		4C7E3A9C2BB72FA400BEFD1B /* Persistence.swift in Sources */ = {isa = PBXBuildFile; fileRef = 4C7E3A9B2BB72FA400BEFD1B /* Persistence.swift */; };
		4C7E3A9F2BB72FA400BEFD1B /* LutokMobile.xcdatamodeld in Sources */ = {isa = PBXBuildFile; fileRef = 4C7E3A9D2BB72FA400BEFD1B /* LutokMobile.xcdatamodeld */; };
		4C7E3AAE2BB7313A00BEFD1B /* LoginViewModel.swift in Sources */ = {isa = PBXBuildFile; fileRef = 4C7E3AAD2BB7313A00BEFD1B /* LoginViewModel.swift */; };
		4C87EE262BB735EA000F85CF /* LoginView.swift in Sources */ = {isa = PBXBuildFile; fileRef = 4C87EE252BB735EA000F85CF /* LoginView.swift */; };
		4C87EE282BB73749000F85CF /* Colors.swift in Sources */ = {isa = PBXBuildFile; fileRef = 4C87EE272BB73749000F85CF /* Colors.swift */; };
		4C87EE2B2BB73D51000F85CF /* WelcomeViewModel.swift in Sources */ = {isa = PBXBuildFile; fileRef = 4C87EE2A2BB73D51000F85CF /* WelcomeViewModel.swift */; };
		4C87EE2D2BB73D60000F85CF /* WelcomeView.swift in Sources */ = {isa = PBXBuildFile; fileRef = 4C87EE2C2BB73D60000F85CF /* WelcomeView.swift */; };
		4C87EE312BB73F94000F85CF /* ProfileViewModel.swift in Sources */ = {isa = PBXBuildFile; fileRef = 4C87EE302BB73F94000F85CF /* ProfileViewModel.swift */; };
		4C87EE332BB73F9D000F85CF /* ProfileView.swift in Sources */ = {isa = PBXBuildFile; fileRef = 4C87EE322BB73F9D000F85CF /* ProfileView.swift */; };
		4C87EE352BB73FBD000F85CF /* MyFieldsView.swift in Sources */ = {isa = PBXBuildFile; fileRef = 4C87EE342BB73FBD000F85CF /* MyFieldsView.swift */; };
		4C87EE3B2BB7428A000F85CF /* ResetPasswordView.swift in Sources */ = {isa = PBXBuildFile; fileRef = 4C87EE3A2BB7428A000F85CF /* ResetPasswordView.swift */; };
		4C87EE402BB743F4000F85CF /* AuthService.swift in Sources */ = {isa = PBXBuildFile; fileRef = 4C87EE3F2BB743F4000F85CF /* AuthService.swift */; };
		4C87EE422BB747AE000F85CF /* Service.swift in Sources */ = {isa = PBXBuildFile; fileRef = 4C87EE412BB747AE000F85CF /* Service.swift */; };
		4C87EE482BB766EA000F85CF /* Password.swift in Sources */ = {isa = PBXBuildFile; fileRef = 4C87EE472BB766EA000F85CF /* Password.swift */; };
		4C87EE4A2BB76701000F85CF /* KeychainHelper.swift in Sources */ = {isa = PBXBuildFile; fileRef = 4C87EE492BB76701000F85CF /* KeychainHelper.swift */; };
		4C87EE4C2BB76A95000F85CF /* IdentityStoredModel.swift in Sources */ = {isa = PBXBuildFile; fileRef = 4C87EE4B2BB76A95000F85CF /* IdentityStoredModel.swift */; };
		4C87EE4E2BB77D6F000F85CF /* MyFieldListItemView.swift in Sources */ = {isa = PBXBuildFile; fileRef = 4C87EE4D2BB77D6F000F85CF /* MyFieldListItemView.swift */; };
		4C87EE502BB782FC000F85CF /* MyFieldsService.swift in Sources */ = {isa = PBXBuildFile; fileRef = 4C87EE4F2BB782FC000F85CF /* MyFieldsService.swift */; };
		4C87EE522BB785C4000F85CF /* MyFieldsViewModel.swift in Sources */ = {isa = PBXBuildFile; fileRef = 4C87EE512BB785C4000F85CF /* MyFieldsViewModel.swift */; };
/* End PBXBuildFile section */

/* Begin PBXFileReference section */
		4C5F5B132C2B349D00E5DDA7 /* NewFieldView.swift */ = {isa = PBXFileReference; lastKnownFileType = sourcecode.swift; path = NewFieldView.swift; sourceTree = "<group>"; };
		4C5F5B162C2B352D00E5DDA7 /* NewFieldViewModel.swift */ = {isa = PBXFileReference; lastKnownFileType = sourcecode.swift; path = NewFieldViewModel.swift; sourceTree = "<group>"; };
		4C5F5B1E2C2B53A600E5DDA7 /* NoteListItemView.swift */ = {isa = PBXFileReference; lastKnownFileType = sourcecode.swift; path = NoteListItemView.swift; sourceTree = "<group>"; };
		4C5F5B202C2B53CF00E5DDA7 /* NotesViewModel.swift */ = {isa = PBXFileReference; lastKnownFileType = sourcecode.swift; path = NotesViewModel.swift; sourceTree = "<group>"; };
		4C5F5B222C2B547F00E5DDA7 /* NotesView.swift */ = {isa = PBXFileReference; lastKnownFileType = sourcecode.swift; path = NotesView.swift; sourceTree = "<group>"; };
		4C5F5B242C2B5C6F00E5DDA7 /* NotesSevice.swift */ = {isa = PBXFileReference; lastKnownFileType = sourcecode.swift; path = NotesSevice.swift; sourceTree = "<group>"; };
		4C5F5B272C2B712500E5DDA7 /* NewNoteView.swift */ = {isa = PBXFileReference; lastKnownFileType = sourcecode.swift; path = NewNoteView.swift; sourceTree = "<group>"; };
		4C5F5B292C2B713500E5DDA7 /* NewNoteViewModel.swift */ = {isa = PBXFileReference; lastKnownFileType = sourcecode.swift; path = NewNoteViewModel.swift; sourceTree = "<group>"; };
		4C7E3A8F2BB72F9F00BEFD1B /* LutokMobile.app */ = {isa = PBXFileReference; explicitFileType = wrapper.application; includeInIndex = 0; path = LutokMobile.app; sourceTree = BUILT_PRODUCTS_DIR; };
		4C7E3A922BB72F9F00BEFD1B /* LutokMobileApp.swift */ = {isa = PBXFileReference; lastKnownFileType = sourcecode.swift; path = LutokMobileApp.swift; sourceTree = "<group>"; };
		4C7E3A942BB72F9F00BEFD1B /* ContentView.swift */ = {isa = PBXFileReference; lastKnownFileType = sourcecode.swift; path = ContentView.swift; sourceTree = "<group>"; };
		4C7E3A962BB72FA400BEFD1B /* Assets.xcassets */ = {isa = PBXFileReference; lastKnownFileType = folder.assetcatalog; path = Assets.xcassets; sourceTree = "<group>"; };
		4C7E3A992BB72FA400BEFD1B /* Preview Assets.xcassets */ = {isa = PBXFileReference; lastKnownFileType = folder.assetcatalog; path = "Preview Assets.xcassets"; sourceTree = "<group>"; };
		4C7E3A9B2BB72FA400BEFD1B /* Persistence.swift */ = {isa = PBXFileReference; lastKnownFileType = sourcecode.swift; path = Persistence.swift; sourceTree = "<group>"; };
		4C7E3A9E2BB72FA400BEFD1B /* LutokMobile.xcdatamodel */ = {isa = PBXFileReference; lastKnownFileType = wrapper.xcdatamodel; path = LutokMobile.xcdatamodel; sourceTree = "<group>"; };
		4C7E3AAD2BB7313A00BEFD1B /* LoginViewModel.swift */ = {isa = PBXFileReference; lastKnownFileType = sourcecode.swift; path = LoginViewModel.swift; sourceTree = "<group>"; };
		4C87EE252BB735EA000F85CF /* LoginView.swift */ = {isa = PBXFileReference; lastKnownFileType = sourcecode.swift; path = LoginView.swift; sourceTree = "<group>"; };
		4C87EE272BB73749000F85CF /* Colors.swift */ = {isa = PBXFileReference; lastKnownFileType = sourcecode.swift; path = Colors.swift; sourceTree = "<group>"; };
		4C87EE2A2BB73D51000F85CF /* WelcomeViewModel.swift */ = {isa = PBXFileReference; lastKnownFileType = sourcecode.swift; path = WelcomeViewModel.swift; sourceTree = "<group>"; };
		4C87EE2C2BB73D60000F85CF /* WelcomeView.swift */ = {isa = PBXFileReference; lastKnownFileType = sourcecode.swift; path = WelcomeView.swift; sourceTree = "<group>"; };
		4C87EE302BB73F94000F85CF /* ProfileViewModel.swift */ = {isa = PBXFileReference; lastKnownFileType = sourcecode.swift; path = ProfileViewModel.swift; sourceTree = "<group>"; };
		4C87EE322BB73F9D000F85CF /* ProfileView.swift */ = {isa = PBXFileReference; lastKnownFileType = sourcecode.swift; path = ProfileView.swift; sourceTree = "<group>"; };
		4C87EE342BB73FBD000F85CF /* MyFieldsView.swift */ = {isa = PBXFileReference; lastKnownFileType = sourcecode.swift; path = MyFieldsView.swift; sourceTree = "<group>"; };
		4C87EE3A2BB7428A000F85CF /* ResetPasswordView.swift */ = {isa = PBXFileReference; lastKnownFileType = sourcecode.swift; path = ResetPasswordView.swift; sourceTree = "<group>"; };
		4C87EE3F2BB743F4000F85CF /* AuthService.swift */ = {isa = PBXFileReference; lastKnownFileType = sourcecode.swift; path = AuthService.swift; sourceTree = "<group>"; };
		4C87EE412BB747AE000F85CF /* Service.swift */ = {isa = PBXFileReference; lastKnownFileType = sourcecode.swift; path = Service.swift; sourceTree = "<group>"; };
		4C87EE432BB75614000F85CF /* Info.plist */ = {isa = PBXFileReference; lastKnownFileType = text.plist; path = Info.plist; sourceTree = "<group>"; };
		4C87EE472BB766EA000F85CF /* Password.swift */ = {isa = PBXFileReference; lastKnownFileType = sourcecode.swift; path = Password.swift; sourceTree = "<group>"; };
		4C87EE492BB76701000F85CF /* KeychainHelper.swift */ = {isa = PBXFileReference; lastKnownFileType = sourcecode.swift; path = KeychainHelper.swift; sourceTree = "<group>"; };
		4C87EE4B2BB76A95000F85CF /* IdentityStoredModel.swift */ = {isa = PBXFileReference; lastKnownFileType = sourcecode.swift; path = IdentityStoredModel.swift; sourceTree = "<group>"; };
		4C87EE4D2BB77D6F000F85CF /* MyFieldListItemView.swift */ = {isa = PBXFileReference; lastKnownFileType = sourcecode.swift; path = MyFieldListItemView.swift; sourceTree = "<group>"; };
		4C87EE4F2BB782FC000F85CF /* MyFieldsService.swift */ = {isa = PBXFileReference; lastKnownFileType = sourcecode.swift; path = MyFieldsService.swift; sourceTree = "<group>"; };
		4C87EE512BB785C4000F85CF /* MyFieldsViewModel.swift */ = {isa = PBXFileReference; lastKnownFileType = sourcecode.swift; path = MyFieldsViewModel.swift; sourceTree = "<group>"; };
/* End PBXFileReference section */

/* Begin PBXFrameworksBuildPhase section */
		4C7E3A8C2BB72F9F00BEFD1B /* Frameworks */ = {
			isa = PBXFrameworksBuildPhase;
			buildActionMask = 2147483647;
			files = (
			);
			runOnlyForDeploymentPostprocessing = 0;
		};
/* End PBXFrameworksBuildPhase section */

/* Begin PBXGroup section */
		4C5F5B152C2B351100E5DDA7 /* NewField */ = {
			isa = PBXGroup;
			children = (
				4C5F5B132C2B349D00E5DDA7 /* NewFieldView.swift */,
				4C5F5B162C2B352D00E5DDA7 /* NewFieldViewModel.swift */,
			);
			path = NewField;
			sourceTree = "<group>";
		};
		4C5F5B1D2C2B538700E5DDA7 /* Notes */ = {
			isa = PBXGroup;
			children = (
				4C5F5B222C2B547F00E5DDA7 /* NotesView.swift */,
				4C5F5B1E2C2B53A600E5DDA7 /* NoteListItemView.swift */,
				4C5F5B202C2B53CF00E5DDA7 /* NotesViewModel.swift */,
			);
			path = Notes;
			sourceTree = "<group>";
		};
		4C5F5B262C2B711100E5DDA7 /* NewNote */ = {
			isa = PBXGroup;
			children = (
				4C5F5B272C2B712500E5DDA7 /* NewNoteView.swift */,
				4C5F5B292C2B713500E5DDA7 /* NewNoteViewModel.swift */,
			);
			path = NewNote;
			sourceTree = "<group>";
		};
		4C7E3A862BB72F9F00BEFD1B = {
			isa = PBXGroup;
			children = (
				4C7E3A912BB72F9F00BEFD1B /* LutokMobile */,
				4C7E3A902BB72F9F00BEFD1B /* Products */,
			);
			sourceTree = "<group>";
		};
		4C7E3A902BB72F9F00BEFD1B /* Products */ = {
			isa = PBXGroup;
			children = (
				4C7E3A8F2BB72F9F00BEFD1B /* LutokMobile.app */,
			);
			name = Products;
			sourceTree = "<group>";
		};
		4C7E3A912BB72F9F00BEFD1B /* LutokMobile */ = {
			isa = PBXGroup;
			children = (
				4C87EE432BB75614000F85CF /* Info.plist */,
				4C7E3AA52BB7306F00BEFD1B /* Source */,
				4C7E3A922BB72F9F00BEFD1B /* LutokMobileApp.swift */,
				4C7E3A942BB72F9F00BEFD1B /* ContentView.swift */,
				4C7E3A962BB72FA400BEFD1B /* Assets.xcassets */,
				4C7E3A9B2BB72FA400BEFD1B /* Persistence.swift */,
				4C7E3A9D2BB72FA400BEFD1B /* LutokMobile.xcdatamodeld */,
				4C7E3A982BB72FA400BEFD1B /* Preview Content */,
			);
			path = LutokMobile;
			sourceTree = "<group>";
		};
		4C7E3A982BB72FA400BEFD1B /* Preview Content */ = {
			isa = PBXGroup;
			children = (
				4C7E3A992BB72FA400BEFD1B /* Preview Assets.xcassets */,
			);
			path = "Preview Content";
			sourceTree = "<group>";
		};
		4C7E3AA52BB7306F00BEFD1B /* Source */ = {
			isa = PBXGroup;
			children = (
				4C7E3AA82BB7308700BEFD1B /* Application */,
				4C7E3AA72BB7308100BEFD1B /* Core */,
				4C7E3AA62BB7307700BEFD1B /* Common */,
			);
			path = Source;
			sourceTree = "<group>";
		};
		4C7E3AA62BB7307700BEFD1B /* Common */ = {
			isa = PBXGroup;
			children = (
				4C87EE3E2BB743E5000F85CF /* Services */,
				4C87EE272BB73749000F85CF /* Colors.swift */,
			);
			path = Common;
			sourceTree = "<group>";
		};
		4C7E3AA72BB7308100BEFD1B /* Core */ = {
			isa = PBXGroup;
			children = (
				4C87EE442BB76660000F85CF /* Keychain */,
				4C87EE412BB747AE000F85CF /* Service.swift */,
			);
			path = Core;
			sourceTree = "<group>";
		};
		4C7E3AA82BB7308700BEFD1B /* Application */ = {
			isa = PBXGroup;
			children = (
				4C5F5B262C2B711100E5DDA7 /* NewNote */,
				4C5F5B1D2C2B538700E5DDA7 /* Notes */,
				4C5F5B152C2B351100E5DDA7 /* NewField */,
				4C87EE2F2BB73F81000F85CF /* MyFields */,
				4C87EE2E2BB73F7B000F85CF /* Profile */,
				4C87EE292BB73D2B000F85CF /* Welcome */,
				4C7E3AA92BB730C800BEFD1B /* UserAuthorization */,
			);
			path = Application;
			sourceTree = "<group>";
		};
		4C7E3AA92BB730C800BEFD1B /* UserAuthorization */ = {
			isa = PBXGroup;
			children = (
				4C7E3AAC2BB7310A00BEFD1B /* ResetPassword */,
				4C7E3AAA2BB730E800BEFD1B /* Login */,
			);
			path = UserAuthorization;
			sourceTree = "<group>";
		};
		4C7E3AAA2BB730E800BEFD1B /* Login */ = {
			isa = PBXGroup;
			children = (
				4C7E3AAD2BB7313A00BEFD1B /* LoginViewModel.swift */,
				4C87EE252BB735EA000F85CF /* LoginView.swift */,
			);
			path = Login;
			sourceTree = "<group>";
		};
		4C7E3AAC2BB7310A00BEFD1B /* ResetPassword */ = {
			isa = PBXGroup;
			children = (
				4C87EE3A2BB7428A000F85CF /* ResetPasswordView.swift */,
			);
			path = ResetPassword;
			sourceTree = "<group>";
		};
		4C87EE292BB73D2B000F85CF /* Welcome */ = {
			isa = PBXGroup;
			children = (
				4C87EE2A2BB73D51000F85CF /* WelcomeViewModel.swift */,
				4C87EE2C2BB73D60000F85CF /* WelcomeView.swift */,
			);
			path = Welcome;
			sourceTree = "<group>";
		};
		4C87EE2E2BB73F7B000F85CF /* Profile */ = {
			isa = PBXGroup;
			children = (
				4C87EE302BB73F94000F85CF /* ProfileViewModel.swift */,
				4C87EE322BB73F9D000F85CF /* ProfileView.swift */,
			);
			path = Profile;
			sourceTree = "<group>";
		};
		4C87EE2F2BB73F81000F85CF /* MyFields */ = {
			isa = PBXGroup;
			children = (
				4C87EE342BB73FBD000F85CF /* MyFieldsView.swift */,
				4C87EE4D2BB77D6F000F85CF /* MyFieldListItemView.swift */,
				4C87EE512BB785C4000F85CF /* MyFieldsViewModel.swift */,
			);
			path = MyFields;
			sourceTree = "<group>";
		};
		4C87EE3E2BB743E5000F85CF /* Services */ = {
			isa = PBXGroup;
			children = (
				4C87EE3F2BB743F4000F85CF /* AuthService.swift */,
				4C87EE4F2BB782FC000F85CF /* MyFieldsService.swift */,
				4C5F5B242C2B5C6F00E5DDA7 /* NotesSevice.swift */,
			);
			path = Services;
			sourceTree = "<group>";
		};
		4C87EE442BB76660000F85CF /* Keychain */ = {
			isa = PBXGroup;
			children = (
				4C87EE472BB766EA000F85CF /* Password.swift */,
				4C87EE492BB76701000F85CF /* KeychainHelper.swift */,
				4C87EE4B2BB76A95000F85CF /* IdentityStoredModel.swift */,
			);
			path = Keychain;
			sourceTree = "<group>";
		};
/* End PBXGroup section */

/* Begin PBXNativeTarget section */
		4C7E3A8E2BB72F9F00BEFD1B /* LutokMobile */ = {
			isa = PBXNativeTarget;
			buildConfigurationList = 4C7E3AA22BB72FA400BEFD1B /* Build configuration list for PBXNativeTarget "LutokMobile" */;
			buildPhases = (
				4C7E3A8B2BB72F9F00BEFD1B /* Sources */,
				4C7E3A8C2BB72F9F00BEFD1B /* Frameworks */,
				4C7E3A8D2BB72F9F00BEFD1B /* Resources */,
			);
			buildRules = (
			);
			dependencies = (
			);
			name = LutokMobile;
			productName = LutokMobile;
			productReference = 4C7E3A8F2BB72F9F00BEFD1B /* LutokMobile.app */;
			productType = "com.apple.product-type.application";
		};
/* End PBXNativeTarget section */

/* Begin PBXProject section */
		4C7E3A872BB72F9F00BEFD1B /* Project object */ = {
			isa = PBXProject;
			attributes = {
				BuildIndependentTargetsInParallel = 1;
				LastSwiftUpdateCheck = 1320;
				LastUpgradeCheck = 1320;
				TargetAttributes = {
					4C7E3A8E2BB72F9F00BEFD1B = {
						CreatedOnToolsVersion = 13.2.1;
					};
				};
			};
			buildConfigurationList = 4C7E3A8A2BB72F9F00BEFD1B /* Build configuration list for PBXProject "LutokMobile" */;
			compatibilityVersion = "Xcode 13.0";
			developmentRegion = en;
			hasScannedForEncodings = 0;
			knownRegions = (
				en,
				Base,
			);
			mainGroup = 4C7E3A862BB72F9F00BEFD1B;
			productRefGroup = 4C7E3A902BB72F9F00BEFD1B /* Products */;
			projectDirPath = "";
			projectRoot = "";
			targets = (
				4C7E3A8E2BB72F9F00BEFD1B /* LutokMobile */,
			);
		};
/* End PBXProject section */

/* Begin PBXResourcesBuildPhase section */
		4C7E3A8D2BB72F9F00BEFD1B /* Resources */ = {
			isa = PBXResourcesBuildPhase;
			buildActionMask = 2147483647;
			files = (
				4C7E3A9A2BB72FA400BEFD1B /* Preview Assets.xcassets in Resources */,
				4C7E3A972BB72FA400BEFD1B /* Assets.xcassets in Resources */,
			);
			runOnlyForDeploymentPostprocessing = 0;
		};
/* End PBXResourcesBuildPhase section */

/* Begin PBXSourcesBuildPhase section */
		4C7E3A8B2BB72F9F00BEFD1B /* Sources */ = {
			isa = PBXSourcesBuildPhase;
			buildActionMask = 2147483647;
			files = (
				4C5F5B212C2B53CF00E5DDA7 /* NotesViewModel.swift in Sources */,
				4C87EE522BB785C4000F85CF /* MyFieldsViewModel.swift in Sources */,
				4C87EE262BB735EA000F85CF /* LoginView.swift in Sources */,
				4C5F5B282C2B712500E5DDA7 /* NewNoteView.swift in Sources */,
				4C87EE2B2BB73D51000F85CF /* WelcomeViewModel.swift in Sources */,
				4C7E3A9C2BB72FA400BEFD1B /* Persistence.swift in Sources */,
				4C5F5B172C2B352D00E5DDA7 /* NewFieldViewModel.swift in Sources */,
				4C7E3A952BB72F9F00BEFD1B /* ContentView.swift in Sources */,
				4C87EE4A2BB76701000F85CF /* KeychainHelper.swift in Sources */,
				4C87EE312BB73F94000F85CF /* ProfileViewModel.swift in Sources */,
				4C87EE482BB766EA000F85CF /* Password.swift in Sources */,
				4C87EE352BB73FBD000F85CF /* MyFieldsView.swift in Sources */,
				4C87EE2D2BB73D60000F85CF /* WelcomeView.swift in Sources */,
				4C87EE502BB782FC000F85CF /* MyFieldsService.swift in Sources */,
				4C87EE282BB73749000F85CF /* Colors.swift in Sources */,
				4C7E3A932BB72F9F00BEFD1B /* LutokMobileApp.swift in Sources */,
				4C87EE4E2BB77D6F000F85CF /* MyFieldListItemView.swift in Sources */,
				4C5F5B232C2B547F00E5DDA7 /* NotesView.swift in Sources */,
				4C87EE4C2BB76A95000F85CF /* IdentityStoredModel.swift in Sources */,
				4C7E3AAE2BB7313A00BEFD1B /* LoginViewModel.swift in Sources */,
				4C5F5B252C2B5C6F00E5DDA7 /* NotesSevice.swift in Sources */,
				4C87EE422BB747AE000F85CF /* Service.swift in Sources */,
				4C87EE3B2BB7428A000F85CF /* ResetPasswordView.swift in Sources */,
				4C5F5B1F2C2B53A600E5DDA7 /* NoteListItemView.swift in Sources */,
				4C87EE332BB73F9D000F85CF /* ProfileView.swift in Sources */,
				4C7E3A9F2BB72FA400BEFD1B /* LutokMobile.xcdatamodeld in Sources */,
				4C5F5B142C2B349D00E5DDA7 /* NewFieldView.swift in Sources */,
				4C5F5B2A2C2B713500E5DDA7 /* NewNoteViewModel.swift in Sources */,
				4C87EE402BB743F4000F85CF /* AuthService.swift in Sources */,
			);
			runOnlyForDeploymentPostprocessing = 0;
		};
/* End PBXSourcesBuildPhase section */

/* Begin XCBuildConfiguration section */
		4C7E3AA02BB72FA400BEFD1B /* Debug */ = {
			isa = XCBuildConfiguration;
			buildSettings = {
				ALWAYS_SEARCH_USER_PATHS = NO;
				CLANG_ANALYZER_NONNULL = YES;
				CLANG_ANALYZER_NUMBER_OBJECT_CONVERSION = YES_AGGRESSIVE;
				CLANG_CXX_LANGUAGE_STANDARD = "gnu++17";
				CLANG_CXX_LIBRARY = "libc++";
				CLANG_ENABLE_MODULES = YES;
				CLANG_ENABLE_OBJC_ARC = YES;
				CLANG_ENABLE_OBJC_WEAK = YES;
				CLANG_WARN_BLOCK_CAPTURE_AUTORELEASING = YES;
				CLANG_WARN_BOOL_CONVERSION = YES;
				CLANG_WARN_COMMA = YES;
				CLANG_WARN_CONSTANT_CONVERSION = YES;
				CLANG_WARN_DEPRECATED_OBJC_IMPLEMENTATIONS = YES;
				CLANG_WARN_DIRECT_OBJC_ISA_USAGE = YES_ERROR;
				CLANG_WARN_DOCUMENTATION_COMMENTS = YES;
				CLANG_WARN_EMPTY_BODY = YES;
				CLANG_WARN_ENUM_CONVERSION = YES;
				CLANG_WARN_INFINITE_RECURSION = YES;
				CLANG_WARN_INT_CONVERSION = YES;
				CLANG_WARN_NON_LITERAL_NULL_CONVERSION = YES;
				CLANG_WARN_OBJC_IMPLICIT_RETAIN_SELF = YES;
				CLANG_WARN_OBJC_LITERAL_CONVERSION = YES;
				CLANG_WARN_OBJC_ROOT_CLASS = YES_ERROR;
				CLANG_WARN_QUOTED_INCLUDE_IN_FRAMEWORK_HEADER = YES;
				CLANG_WARN_RANGE_LOOP_ANALYSIS = YES;
				CLANG_WARN_STRICT_PROTOTYPES = YES;
				CLANG_WARN_SUSPICIOUS_MOVE = YES;
				CLANG_WARN_UNGUARDED_AVAILABILITY = YES_AGGRESSIVE;
				CLANG_WARN_UNREACHABLE_CODE = YES;
				CLANG_WARN__DUPLICATE_METHOD_MATCH = YES;
				COPY_PHASE_STRIP = NO;
				DEBUG_INFORMATION_FORMAT = dwarf;
				ENABLE_STRICT_OBJC_MSGSEND = YES;
				ENABLE_TESTABILITY = YES;
				GCC_C_LANGUAGE_STANDARD = gnu11;
				GCC_DYNAMIC_NO_PIC = NO;
				GCC_NO_COMMON_BLOCKS = YES;
				GCC_OPTIMIZATION_LEVEL = 0;
				GCC_PREPROCESSOR_DEFINITIONS = (
					"DEBUG=1",
					"$(inherited)",
				);
				GCC_WARN_64_TO_32_BIT_CONVERSION = YES;
				GCC_WARN_ABOUT_RETURN_TYPE = YES_ERROR;
				GCC_WARN_UNDECLARED_SELECTOR = YES;
				GCC_WARN_UNINITIALIZED_AUTOS = YES_AGGRESSIVE;
				GCC_WARN_UNUSED_FUNCTION = YES;
				GCC_WARN_UNUSED_VARIABLE = YES;
				IPHONEOS_DEPLOYMENT_TARGET = 15.2;
				MTL_ENABLE_DEBUG_INFO = INCLUDE_SOURCE;
				MTL_FAST_MATH = YES;
				ONLY_ACTIVE_ARCH = YES;
				SDKROOT = iphoneos;
				SWIFT_ACTIVE_COMPILATION_CONDITIONS = DEBUG;
				SWIFT_OPTIMIZATION_LEVEL = "-Onone";
			};
			name = Debug;
		};
		4C7E3AA12BB72FA400BEFD1B /* Release */ = {
			isa = XCBuildConfiguration;
			buildSettings = {
				ALWAYS_SEARCH_USER_PATHS = NO;
				CLANG_ANALYZER_NONNULL = YES;
				CLANG_ANALYZER_NUMBER_OBJECT_CONVERSION = YES_AGGRESSIVE;
				CLANG_CXX_LANGUAGE_STANDARD = "gnu++17";
				CLANG_CXX_LIBRARY = "libc++";
				CLANG_ENABLE_MODULES = YES;
				CLANG_ENABLE_OBJC_ARC = YES;
				CLANG_ENABLE_OBJC_WEAK = YES;
				CLANG_WARN_BLOCK_CAPTURE_AUTORELEASING = YES;
				CLANG_WARN_BOOL_CONVERSION = YES;
				CLANG_WARN_COMMA = YES;
				CLANG_WARN_CONSTANT_CONVERSION = YES;
				CLANG_WARN_DEPRECATED_OBJC_IMPLEMENTATIONS = YES;
				CLANG_WARN_DIRECT_OBJC_ISA_USAGE = YES_ERROR;
				CLANG_WARN_DOCUMENTATION_COMMENTS = YES;
				CLANG_WARN_EMPTY_BODY = YES;
				CLANG_WARN_ENUM_CONVERSION = YES;
				CLANG_WARN_INFINITE_RECURSION = YES;
				CLANG_WARN_INT_CONVERSION = YES;
				CLANG_WARN_NON_LITERAL_NULL_CONVERSION = YES;
				CLANG_WARN_OBJC_IMPLICIT_RETAIN_SELF = YES;
				CLANG_WARN_OBJC_LITERAL_CONVERSION = YES;
				CLANG_WARN_OBJC_ROOT_CLASS = YES_ERROR;
				CLANG_WARN_QUOTED_INCLUDE_IN_FRAMEWORK_HEADER = YES;
				CLANG_WARN_RANGE_LOOP_ANALYSIS = YES;
				CLANG_WARN_STRICT_PROTOTYPES = YES;
				CLANG_WARN_SUSPICIOUS_MOVE = YES;
				CLANG_WARN_UNGUARDED_AVAILABILITY = YES_AGGRESSIVE;
				CLANG_WARN_UNREACHABLE_CODE = YES;
				CLANG_WARN__DUPLICATE_METHOD_MATCH = YES;
				COPY_PHASE_STRIP = NO;
				DEBUG_INFORMATION_FORMAT = "dwarf-with-dsym";
				ENABLE_NS_ASSERTIONS = NO;
				ENABLE_STRICT_OBJC_MSGSEND = YES;
				GCC_C_LANGUAGE_STANDARD = gnu11;
				GCC_NO_COMMON_BLOCKS = YES;
				GCC_WARN_64_TO_32_BIT_CONVERSION = YES;
				GCC_WARN_ABOUT_RETURN_TYPE = YES_ERROR;
				GCC_WARN_UNDECLARED_SELECTOR = YES;
				GCC_WARN_UNINITIALIZED_AUTOS = YES_AGGRESSIVE;
				GCC_WARN_UNUSED_FUNCTION = YES;
				GCC_WARN_UNUSED_VARIABLE = YES;
				IPHONEOS_DEPLOYMENT_TARGET = 15.2;
				MTL_ENABLE_DEBUG_INFO = NO;
				MTL_FAST_MATH = YES;
				SDKROOT = iphoneos;
				SWIFT_COMPILATION_MODE = wholemodule;
				SWIFT_OPTIMIZATION_LEVEL = "-O";
				VALIDATE_PRODUCT = YES;
			};
			name = Release;
		};
		4C7E3AA32BB72FA400BEFD1B /* Debug */ = {
			isa = XCBuildConfiguration;
			buildSettings = {
				ASSETCATALOG_COMPILER_APPICON_NAME = AppIcon;
				ASSETCATALOG_COMPILER_GLOBAL_ACCENT_COLOR_NAME = AccentColor;
				CODE_SIGN_STYLE = Automatic;
				CURRENT_PROJECT_VERSION = 1;
				DEVELOPMENT_ASSET_PATHS = "\"LutokMobile/Preview Content\"";
				ENABLE_PREVIEWS = YES;
				GENERATE_INFOPLIST_FILE = YES;
				INFOPLIST_FILE = LutokMobile/Info.plist;
				INFOPLIST_KEY_LSApplicationCategoryType = "";
				INFOPLIST_KEY_UIApplicationSceneManifest_Generation = YES;
				INFOPLIST_KEY_UIApplicationSupportsIndirectInputEvents = YES;
				INFOPLIST_KEY_UILaunchScreen_Generation = YES;
				INFOPLIST_KEY_UISupportedInterfaceOrientations = UIInterfaceOrientationPortrait;
				INFOPLIST_KEY_UISupportedInterfaceOrientations_iPad = "UIInterfaceOrientationPortrait UIInterfaceOrientationPortraitUpsideDown UIInterfaceOrientationLandscapeLeft UIInterfaceOrientationLandscapeRight";
				INFOPLIST_KEY_UISupportedInterfaceOrientations_iPhone = "UIInterfaceOrientationPortrait UIInterfaceOrientationLandscapeLeft UIInterfaceOrientationLandscapeRight";
				LD_RUNPATH_SEARCH_PATHS = (
					"$(inherited)",
					"@executable_path/Frameworks",
				);
				MARKETING_VERSION = 1.0;
				PRODUCT_BUNDLE_IDENTIFIER = ru.hse.vanurina.LutokMobile;
				PRODUCT_NAME = "$(TARGET_NAME)";
				SWIFT_EMIT_LOC_STRINGS = YES;
				SWIFT_VERSION = 5.0;
				TARGETED_DEVICE_FAMILY = 1;
			};
			name = Debug;
		};
		4C7E3AA42BB72FA400BEFD1B /* Release */ = {
			isa = XCBuildConfiguration;
			buildSettings = {
				ASSETCATALOG_COMPILER_APPICON_NAME = AppIcon;
				ASSETCATALOG_COMPILER_GLOBAL_ACCENT_COLOR_NAME = AccentColor;
				CODE_SIGN_STYLE = Automatic;
				CURRENT_PROJECT_VERSION = 1;
				DEVELOPMENT_ASSET_PATHS = "\"LutokMobile/Preview Content\"";
				ENABLE_PREVIEWS = YES;
				GENERATE_INFOPLIST_FILE = YES;
				INFOPLIST_FILE = LutokMobile/Info.plist;
				INFOPLIST_KEY_LSApplicationCategoryType = "";
				INFOPLIST_KEY_UIApplicationSceneManifest_Generation = YES;
				INFOPLIST_KEY_UIApplicationSupportsIndirectInputEvents = YES;
				INFOPLIST_KEY_UILaunchScreen_Generation = YES;
				INFOPLIST_KEY_UISupportedInterfaceOrientations = UIInterfaceOrientationPortrait;
				INFOPLIST_KEY_UISupportedInterfaceOrientations_iPad = "UIInterfaceOrientationPortrait UIInterfaceOrientationPortraitUpsideDown UIInterfaceOrientationLandscapeLeft UIInterfaceOrientationLandscapeRight";
				INFOPLIST_KEY_UISupportedInterfaceOrientations_iPhone = "UIInterfaceOrientationPortrait UIInterfaceOrientationLandscapeLeft UIInterfaceOrientationLandscapeRight";
				LD_RUNPATH_SEARCH_PATHS = (
					"$(inherited)",
					"@executable_path/Frameworks",
				);
				MARKETING_VERSION = 1.0;
				PRODUCT_BUNDLE_IDENTIFIER = ru.hse.vanurina.LutokMobile;
				PRODUCT_NAME = "$(TARGET_NAME)";
				SWIFT_EMIT_LOC_STRINGS = YES;
				SWIFT_VERSION = 5.0;
				TARGETED_DEVICE_FAMILY = 1;
			};
			name = Release;
		};
/* End XCBuildConfiguration section */

/* Begin XCConfigurationList section */
		4C7E3A8A2BB72F9F00BEFD1B /* Build configuration list for PBXProject "LutokMobile" */ = {
			isa = XCConfigurationList;
			buildConfigurations = (
				4C7E3AA02BB72FA400BEFD1B /* Debug */,
				4C7E3AA12BB72FA400BEFD1B /* Release */,
			);
			defaultConfigurationIsVisible = 0;
			defaultConfigurationName = Release;
		};
		4C7E3AA22BB72FA400BEFD1B /* Build configuration list for PBXNativeTarget "LutokMobile" */ = {
			isa = XCConfigurationList;
			buildConfigurations = (
				4C7E3AA32BB72FA400BEFD1B /* Debug */,
				4C7E3AA42BB72FA400BEFD1B /* Release */,
			);
			defaultConfigurationIsVisible = 0;
			defaultConfigurationName = Release;
		};
/* End XCConfigurationList section */

/* Begin XCVersionGroup section */
		4C7E3A9D2BB72FA400BEFD1B /* LutokMobile.xcdatamodeld */ = {
			isa = XCVersionGroup;
			children = (
				4C7E3A9E2BB72FA400BEFD1B /* LutokMobile.xcdatamodel */,
			);
			currentVersion = 4C7E3A9E2BB72FA400BEFD1B /* LutokMobile.xcdatamodel */;
			path = LutokMobile.xcdatamodeld;
			sourceTree = "<group>";
			versionGroupType = wrapper.xcdatamodel;
		};
/* End XCVersionGroup section */
	};
	rootObject = 4C7E3A872BB72F9F00BEFD1B /* Project object */;
}
